
Microsoft Visual Studio Solution File, Format Version 12.00
# Visual Studio Version 16
VisualStudioVersion = 16.0.30225.117
MinimumVisualStudioVersion = 10.0.40219.1
Project("{FAE04EC0-301F-11D3-BF4B-00C04F79EFBC}") = "XFDatePicker.Android", "XFDatePicker\XFDatePicker.Android\XFDatePicker.Android.csproj", "{E38C87B7-B116-46E6-AD3A-1178DA1E0B75}"
EndProject
Project("{FAE04EC0-301F-11D3-BF4B-00C04F79EFBC}") = "XFDatePicker.iOS", "XFDatePicker\XFDatePicker.iOS\XFDatePicker.iOS.csproj", "{06DB1FC8-DEF6-4C3E-B3BF-DDFB133204E3}"
EndProject
Project("{FAE04EC0-301F-11D3-BF4B-00C04F79EFBC}") = "XFDatePicker", "XFDatePicker\XFDatePicker\XFDatePicker.csproj", "{90B902EA-27EF-461D-965C-9ABD9A9DE081}"
EndProject
Global
	GlobalSection(SolutionConfigurationPlatforms) = preSolution
		Debug|Any CPU = Debug|Any CPU
		Debug|iPhone = Debug|iPhone
		Debug|iPhoneSimulator = Debug|iPhoneSimulator
		Release|Any CPU = Release|Any CPU
		Release|iPhone = Release|iPhone
		Release|iPhoneSimulator = Release|iPhoneSimulator
	EndGlobalSection
	GlobalSection(ProjectConfigurationPlatforms) = postSolution
		{E38C87B7-B116-46E6-AD3A-1178DA1E0B75}.Debug|Any CPU.ActiveCfg = Debug|Any CPU
		{E38C87B7-B116-46E6-AD3A-1178DA1E0B75}.Debug|Any CPU.Build.0 = Debug|Any CPU
		{E38C87B7-B116-46E6-AD3A-1178DA1E0B75}.Debug|Any CPU.Deploy.0 = Debug|Any CPU
		{E38C87B7-B116-46E6-AD3A-1178DA1E0B75}.Debug|iPhone.ActiveCfg = Debug|Any CPU
		{E38C87B7-B116-46E6-AD3A-1178DA1E0B75}.Debug|iPhone.Build.0 = Debug|Any CPU
		{E38C87B7-B116-46E6-AD3A-1178DA1E0B75}.Debug|iPhone.Deploy.0 = Debug|Any CPU
		{E38C87B7-B116-46E6-AD3A-1178DA1E0B75}.Debug|iPhoneSimulator.ActiveCfg = Debug|Any CPU
		{E38C87B7-B116-46E6-AD3A-1178DA1E0B75}.Debug|iPhoneSimulator.Build.0 = Debug|Any CPU
		{E38C87B7-B116-46E6-AD3A-1178DA1E0B75}.Debug|iPhoneSimulator.Deploy.0 = Debug|Any CPU
		{E38C87B7-B116-46E6-AD3A-1178DA1E0B75}.Release|Any CPU.ActiveCfg = Release|Any CPU
		{E38C87B7-B116-46E6-AD3A-1178DA1E0B75}.Release|Any CPU.Build.0 = Release|Any CPU
		{E38C87B7-B116-46E6-AD3A-1178DA1E0B75}.Release|Any CPU.Deploy.0 = Release|Any CPU
		{E38C87B7-B116-46E6-AD3A-1178DA1E0B75}.Release|iPhone.ActiveCfg = Release|Any CPU
		{E38C87B7-B116-46E6-AD3A-1178DA1E0B75}.Release|iPhone.Build.0 = Release|Any CPU
		{E38C87B7-B116-46E6-AD3A-1178DA1E0B75}.Release|iPhone.Deploy.0 = Release|Any CPU
		{E38C87B7-B116-46E6-AD3A-1178DA1E0B75}.Release|iPhoneSimulator.ActiveCfg = Release|Any CPU
		{E38C87B7-B116-46E6-AD3A-1178DA1E0B75}.Release|iPhoneSimulator.Build.0 = Release|Any CPU
		{E38C87B7-B116-46E6-AD3A-1178DA1E0B75}.Release|iPhoneSimulator.Deploy.0 = Release|Any CPU
		{06DB1FC8-DEF6-4C3E-B3BF-DDFB133204E3}.Debug|Any CPU.ActiveCfg = Debug|iPhone
		{06DB1FC8-DEF6-4C3E-B3BF-DDFB133204E3}.Debug|Any CPU.Build.0 = Debug|iPhone
		{06DB1FC8-DEF6-4C3E-B3BF-DDFB133204E3}.Debug|Any CPU.Deploy.0 = Debug|iPhone
		{06DB1FC8-DEF6-4C3E-B3BF-DDFB133204E3}.Debug|iPhone.ActiveCfg = Debug|iPhone
		{06DB1FC8-DEF6-4C3E-B3BF-DDFB133204E3}.Debug|iPhone.Build.0 = Debug|iPhone
		{06DB1FC8-DEF6-4C3E-B3BF-DDFB133204E3}.Debug|iPhone.Deploy.0 = Debug|iPhone
		{06DB1FC8-DEF6-4C3E-B3BF-DDFB133204E3}.Debug|iPhoneSimulator.ActiveCfg = Debug|iPhoneSimulator
		{06DB1FC8-DEF6-4C3E-B3BF-DDFB133204E3}.Debug|iPhoneSimulator.Build.0 = Debug|iPhoneSimulator
		{06DB1FC8-DEF6-4C3E-B3BF-DDFB133204E3}.Debug|iPhoneSimulator.Deploy.0 = Debug|iPhoneSimulator
		{06DB1FC8-DEF6-4C3E-B3BF-DDFB133204E3}.Release|Any CPU.ActiveCfg = Release|iPhone
		{06DB1FC8-DEF6-4C3E-B3BF-DDFB133204E3}.Release|Any CPU.Build.0 = Release|iPhone
		{06DB1FC8-DEF6-4C3E-B3BF-DDFB133204E3}.Release|Any CPU.Deploy.0 = Release|iPhone
		{06DB1FC8-DEF6-4C3E-B3BF-DDFB133204E3}.Release|iPhone.ActiveCfg = Release|iPhone
		{06DB1FC8-DEF6-4C3E-B3BF-DDFB133204E3}.Release|iPhone.Build.0 = Release|iPhone
		{06DB1FC8-DEF6-4C3E-B3BF-DDFB133204E3}.Release|iPhone.Deploy.0 = Release|iPhone
		{06DB1FC8-DEF6-4C3E-B3BF-DDFB133204E3}.Release|iPhoneSimulator.ActiveCfg = Release|iPhoneSimulator
		{06DB1FC8-DEF6-4C3E-B3BF-DDFB133204E3}.Release|iPhoneSimulator.Build.0 = Release|iPhoneSimulator
		{06DB1FC8-DEF6-4C3E-B3BF-DDFB133204E3}.Release|iPhoneSimulator.Deploy.0 = Release|iPhoneSimulator
		{90B902EA-27EF-461D-965C-9ABD9A9DE081}.Debug|Any CPU.ActiveCfg = Debug|Any CPU
		{90B902EA-27EF-461D-965C-9ABD9A9DE081}.Debug|Any CPU.Build.0 = Debug|Any CPU
		{90B902EA-27EF-461D-965C-9ABD9A9DE081}.Debug|Any CPU.Deploy.0 = Debug|Any CPU
		{90B902EA-27EF-461D-965C-9ABD9A9DE081}.Debug|iPhone.ActiveCfg = Debug|Any CPU
		{90B902EA-27EF-461D-965C-9ABD9A9DE081}.Debug|iPhone.Build.0 = Debug|Any CPU
		{90B902EA-27EF-461D-965C-9ABD9A9DE081}.Debug|iPhone.Deploy.0 = Debug|Any CPU
		{90B902EA-27EF-461D-965C-9ABD9A9DE081}.Debug|iPhoneSimulator.ActiveCfg = Debug|Any CPU
		{90B902EA-27EF-461D-965C-9ABD9A9DE081}.Debug|iPhoneSimulator.Build.0 = Debug|Any CPU
		{90B902EA-27EF-461D-965C-9ABD9A9DE081}.Debug|iPhoneSimulator.Deploy.0 = Debug|Any CPU
		{90B902EA-27EF-461D-965C-9ABD9A9DE081}.Release|Any CPU.ActiveCfg = Release|Any CPU
		{90B902EA-27EF-461D-965C-9ABD9A9DE081}.Release|Any CPU.Build.0 = Release|Any CPU
		{90B902EA-27EF-461D-965C-9ABD9A9DE081}.Release|Any CPU.Deploy.0 = Release|Any CPU
		{90B902EA-27EF-461D-965C-9ABD9A9DE081}.Release|iPhone.ActiveCfg = Release|Any CPU
		{90B902EA-27EF-461D-965C-9ABD9A9DE081}.Release|iPhone.Build.0 = Release|Any CPU
		{90B902EA-27EF-461D-965C-9ABD9A9DE081}.Release|iPhone.Deploy.0 = Release|Any CPU
		{90B902EA-27EF-461D-965C-9ABD9A9DE081}.Release|iPhoneSimulator.ActiveCfg = Release|Any CPU
		{90B902EA-27EF-461D-965C-9ABD9A9DE081}.Release|iPhoneSimulator.Build.0 = Release|Any CPU
		{90B902EA-27EF-461D-965C-9ABD9A9DE081}.Release|iPhoneSimulator.Deploy.0 = Release|Any CPU
	EndGlobalSection
	GlobalSection(SolutionProperties) = preSolution
		HideSolutionNode = FALSE
	EndGlobalSection
	GlobalSection(ExtensibilityGlobals) = postSolution
		SolutionGuid = {39184E89-04E4-4B40-A15B-E2AEF9AFBB5C}
	EndGlobalSection
EndGlobal
